{
	"name": "enigma",
	"lockfileVersion": 3,
	"requires": true,
	"packages": {
		"": {
			"dependencies": {
				"framer-motion": "^12.23.16",
				"react-icons": "^5.5.0"
			},
			"devDependencies": {
				"turbo": "^2.5.6"
			}
		},
		"node_modules/.pnpm/turbo@2.5.6/node_modules/turbo": {
			"version": "2.5.6",
			"dev": true,
			"license": "MIT",
			"bin": {
				"turbo": "bin/turbo"
			},
			"optionalDependencies": {
				"turbo-darwin-64": "2.5.6",
				"turbo-darwin-arm64": "2.5.6",
				"turbo-linux-64": "2.5.6",
				"turbo-linux-arm64": "2.5.6",
				"turbo-windows-64": "2.5.6",
				"turbo-windows-arm64": "2.5.6"
			}
		},
		"node_modules/framer-motion": {
			"version": "12.23.16",
			"resolved": "https://registry.npmjs.org/framer-motion/-/framer-motion-12.23.16.tgz",
			"integrity": "sha512-N81A8hiHqVsexOzI3wzkibyLURW1nEJsZaRuctPhG4AdbbciYu+bKJq9I2lQFzAO4Bx3h4swI6pBbF/Hu7f7BA==",
			"license": "MIT",
			"dependencies": {
				"motion-dom": "^12.23.12",
				"motion-utils": "^12.23.6",
				"tslib": "^2.4.0"
			},
			"peerDependencies": {
				"@emotion/is-prop-valid": "*",
				"react": "^18.0.0 || ^19.0.0",
				"react-dom": "^18.0.0 || ^19.0.0"
			},
			"peerDependenciesMeta": {
				"@emotion/is-prop-valid": {
					"optional": true
				},
				"react": {
					"optional": true
				},
				"react-dom": {
					"optional": true
				}
			}
		},
		"node_modules/motion-dom": {
			"version": "12.23.12",
			"resolved": "https://registry.npmjs.org/motion-dom/-/motion-dom-12.23.12.tgz",
			"integrity": "sha512-RcR4fvMCTESQBD/uKQe49D5RUeDOokkGRmz4ceaJKDBgHYtZtntC/s2vLvY38gqGaytinij/yi3hMcWVcEF5Kw==",
			"license": "MIT",
			"dependencies": {
				"motion-utils": "^12.23.6"
			}
		},
		"node_modules/motion-utils": {
			"version": "12.23.6",
			"resolved": "https://registry.npmjs.org/motion-utils/-/motion-utils-12.23.6.tgz",
			"integrity": "sha512-eAWoPgr4eFEOFfg2WjIsMoqJTW6Z8MTUCgn/GZ3VRpClWBdnbjryiA3ZSNLyxCTmCQx4RmYX6jX1iWHbenUPNQ==",
			"license": "MIT"
		},
		"node_modules/react": {
			"version": "19.1.1",
			"resolved": "https://registry.npmjs.org/react/-/react-19.1.1.tgz",
			"integrity": "sha512-w8nqGImo45dmMIfljjMwOGtbmC/mk4CMYhWIicdSflH91J9TyCyczcPFXJzrZ/ZXcgGRFeP6BU0BEJTw6tZdfQ==",
			"license": "MIT",
			"peer": true,
			"engines": {
				"node": ">=0.10.0"
			}
		},
		"node_modules/react-icons": {
			"version": "5.5.0",
			"resolved": "https://registry.npmjs.org/react-icons/-/react-icons-5.5.0.tgz",
			"integrity": "sha512-MEFcXdkP3dLo8uumGI5xN3lDFNsRtrjbOEKDLD7yv76v4wpnEq2Lt2qeHaQOr34I/wPN3s3+N08WkQ+CW37Xiw==",
			"license": "MIT",
			"peerDependencies": {
				"react": "*"
			}
		},
		"node_modules/tslib": {
			"version": "2.8.1",
			"resolved": "https://registry.npmjs.org/tslib/-/tslib-2.8.1.tgz",
			"integrity": "sha512-oJFu94HQb+KVduSUQL7wnpmqnfmLsOA/nAh6b6EH0wCEoK0/mPeXU6c3wKDV83MkOuHPRHtSXKKU99IBazS/2w==",
			"license": "0BSD"
		},
		"node_modules/turbo": {
			"resolved": "node_modules/.pnpm/turbo@2.5.6/node_modules/turbo",
			"link": true
		},
		"node_modules/turbo-darwin-64": {
			"version": "2.5.6",
			"resolved": "https://registry.npmjs.org/turbo-darwin-64/-/turbo-darwin-64-2.5.6.tgz",
			"integrity": "sha512-3C1xEdo4aFwMJAPvtlPqz1Sw/+cddWIOmsalHFMrsqqydcptwBfu26WW2cDm3u93bUzMbBJ8k3zNKFqxJ9ei2A==",
			"cpu": [
				"x64"
			],
			"dev": true,
			"license": "MIT",
			"optional": true,
			"os": [
				"darwin"
			]
		},
		"node_modules/turbo-darwin-arm64": {
			"version": "2.5.6",
			"resolved": "https://registry.npmjs.org/turbo-darwin-arm64/-/turbo-darwin-arm64-2.5.6.tgz",
			"integrity": "sha512-LyiG+rD7JhMfYwLqB6k3LZQtYn8CQQUePbpA8mF/hMLPAekXdJo1g0bUPw8RZLwQXUIU/3BU7tXENvhSGz5DPA==",
			"cpu": [
				"arm64"
			],
			"dev": true,
			"license": "MIT",
			"optional": true,
			"os": [
				"darwin"
			]
		},
		"node_modules/turbo-linux-64": {
			"version": "2.5.6",
			"resolved": "https://registry.npmjs.org/turbo-linux-64/-/turbo-linux-64-2.5.6.tgz",
			"integrity": "sha512-GOcUTT0xiT/pSnHL4YD6Yr3HreUhU8pUcGqcI2ksIF9b2/r/kRHwGFcsHgpG3+vtZF/kwsP0MV8FTlTObxsYIA==",
			"cpu": [
				"x64"
			],
			"dev": true,
			"license": "MIT",
			"optional": true,
			"os": [
				"linux"
			]
		},
		"node_modules/turbo-linux-arm64": {
			"version": "2.5.6",
			"resolved": "https://registry.npmjs.org/turbo-linux-arm64/-/turbo-linux-arm64-2.5.6.tgz",
			"integrity": "sha512-10Tm15bruJEA3m0V7iZcnQBpObGBcOgUcO+sY7/2vk1bweW34LMhkWi8svjV9iDF68+KJDThnYDlYE/bc7/zzQ==",
			"cpu": [
				"arm64"
			],
			"dev": true,
			"license": "MIT",
			"optional": true,
			"os": [
				"linux"
			]
		},
		"node_modules/turbo-windows-64": {
			"version": "2.5.6",
			"resolved": "https://registry.npmjs.org/turbo-windows-64/-/turbo-windows-64-2.5.6.tgz",
			"integrity": "sha512-FyRsVpgaj76It0ludwZsNN40ytHN+17E4PFJyeliBEbxrGTc5BexlXVpufB7XlAaoaZVxbS6KT8RofLfDRyEPg==",
			"cpu": [
				"x64"
			],
			"dev": true,
			"license": "MIT",
			"optional": true,
			"os": [
				"win32"
			]
		},
		"node_modules/turbo-windows-arm64": {
			"version": "2.5.6",
			"resolved": "https://registry.npmjs.org/turbo-windows-arm64/-/turbo-windows-arm64-2.5.6.tgz",
			"integrity": "sha512-j/tWu8cMeQ7HPpKri6jvKtyXg9K1gRyhdK4tKrrchH8GNHscPX/F71zax58yYtLRWTiK04zNzPcUJuoS0+v/+Q==",
			"cpu": [
				"arm64"
			],
			"dev": true,
			"license": "MIT",
			"optional": true,
			"os": [
				"win32"
			]
		}
	}
}
